
Microsoft Visual Studio Solution File, Format Version 12.00
# Visual Studio Version 17
VisualStudioVersion = 17.0.31903.59
MinimumVisualStudioVersion = 10.0.40219.1
Project("{FAE04EC0-301F-11D3-BF4B-00C04F79EFBC}") = "VegaBase.Core", "VegaBase.Core\VegaBase.Core.csproj", "{C9F7C030-EDBE-4C53-9BC0-D782609FC052}"
EndProject
Project("{FAE04EC0-301F-11D3-BF4B-00C04F79EFBC}") = "VegaBase.Service", "VegaBase.Service\VegaBase.Service.csproj", "{69978835-ED48-4A87-9BB2-873B8632FA3C}"
EndProject
Project("{FAE04EC0-301F-11D3-BF4B-00C04F79EFBC}") = "VegaBase.API", "VegaBase.API\VegaBase.API.csproj", "{065A679F-6F71-484C-9656-945A97616370}"
EndProject
Global
	GlobalSection(SolutionConfigurationPlatforms) = preSolution
		Debug|Any CPU = Debug|Any CPU
		Debug|x64 = Debug|x64
		Debug|x86 = Debug|x86
		Release|Any CPU = Release|Any CPU
		Release|x64 = Release|x64
		Release|x86 = Release|x86
	EndGlobalSection
	GlobalSection(ProjectConfigurationPlatforms) = postSolution
		{C9F7C030-EDBE-4C53-9BC0-D782609FC052}.Debug|Any CPU.ActiveCfg = Debug|Any CPU
		{C9F7C030-EDBE-4C53-9BC0-D782609FC052}.Debug|Any CPU.Build.0 = Debug|Any CPU
		{C9F7C030-EDBE-4C53-9BC0-D782609FC052}.Debug|x64.ActiveCfg = Debug|Any CPU
		{C9F7C030-EDBE-4C53-9BC0-D782609FC052}.Debug|x64.Build.0 = Debug|Any CPU
		{C9F7C030-EDBE-4C53-9BC0-D782609FC052}.Debug|x86.ActiveCfg = Debug|Any CPU
		{C9F7C030-EDBE-4C53-9BC0-D782609FC052}.Debug|x86.Build.0 = Debug|Any CPU
		{C9F7C030-EDBE-4C53-9BC0-D782609FC052}.Release|Any CPU.ActiveCfg = Release|Any CPU
		{C9F7C030-EDBE-4C53-9BC0-D782609FC052}.Release|Any CPU.Build.0 = Release|Any CPU
		{C9F7C030-EDBE-4C53-9BC0-D782609FC052}.Release|x64.ActiveCfg = Release|Any CPU
		{C9F7C030-EDBE-4C53-9BC0-D782609FC052}.Release|x64.Build.0 = Release|Any CPU
		{C9F7C030-EDBE-4C53-9BC0-D782609FC052}.Release|x86.ActiveCfg = Release|Any CPU
		{C9F7C030-EDBE-4C53-9BC0-D782609FC052}.Release|x86.Build.0 = Release|Any CPU
		{69978835-ED48-4A87-9BB2-873B8632FA3C}.Debug|Any CPU.ActiveCfg = Debug|Any CPU
		{69978835-ED48-4A87-9BB2-873B8632FA3C}.Debug|Any CPU.Build.0 = Debug|Any CPU
		{69978835-ED48-4A87-9BB2-873B8632FA3C}.Debug|x64.ActiveCfg = Debug|Any CPU
		{69978835-ED48-4A87-9BB2-873B8632FA3C}.Debug|x64.Build.0 = Debug|Any CPU
		{69978835-ED48-4A87-9BB2-873B8632FA3C}.Debug|x86.ActiveCfg = Debug|Any CPU
		{69978835-ED48-4A87-9BB2-873B8632FA3C}.Debug|x86.Build.0 = Debug|Any CPU
		{69978835-ED48-4A87-9BB2-873B8632FA3C}.Release|Any CPU.ActiveCfg = Release|Any CPU
		{69978835-ED48-4A87-9BB2-873B8632FA3C}.Release|Any CPU.Build.0 = Release|Any CPU
		{69978835-ED48-4A87-9BB2-873B8632FA3C}.Release|x64.ActiveCfg = Release|Any CPU
		{69978835-ED48-4A87-9BB2-873B8632FA3C}.Release|x64.Build.0 = Release|Any CPU
		{69978835-ED48-4A87-9BB2-873B8632FA3C}.Release|x86.ActiveCfg = Release|Any CPU
		{69978835-ED48-4A87-9BB2-873B8632FA3C}.Release|x86.Build.0 = Release|Any CPU
		{065A679F-6F71-484C-9656-945A97616370}.Debug|Any CPU.ActiveCfg = Debug|Any CPU
		{065A679F-6F71-484C-9656-945A97616370}.Debug|Any CPU.Build.0 = Debug|Any CPU
		{065A679F-6F71-484C-9656-945A97616370}.Debug|x64.ActiveCfg = Debug|Any CPU
		{065A679F-6F71-484C-9656-945A97616370}.Debug|x64.Build.0 = Debug|Any CPU
		{065A679F-6F71-484C-9656-945A97616370}.Debug|x86.ActiveCfg = Debug|Any CPU
		{065A679F-6F71-484C-9656-945A97616370}.Debug|x86.Build.0 = Debug|Any CPU
		{065A679F-6F71-484C-9656-945A97616370}.Release|Any CPU.ActiveCfg = Release|Any CPU
		{065A679F-6F71-484C-9656-945A97616370}.Release|Any CPU.Build.0 = Release|Any CPU
		{065A679F-6F71-484C-9656-945A97616370}.Release|x64.ActiveCfg = Release|Any CPU
		{065A679F-6F71-484C-9656-945A97616370}.Release|x64.Build.0 = Release|Any CPU
		{065A679F-6F71-484C-9656-945A97616370}.Release|x86.ActiveCfg = Release|Any CPU
		{065A679F-6F71-484C-9656-945A97616370}.Release|x86.Build.0 = Release|Any CPU
	EndGlobalSection
	GlobalSection(SolutionProperties) = preSolution
		HideSolutionNode = FALSE
	EndGlobalSection
EndGlobal
